
Microsoft Visual Studio Solution File, Format Version 12.00
# Visual Studio Version 16
VisualStudioVersion = 16.0.31313.79
MinimumVisualStudioVersion = 10.0.40219.1
Project("{8BC9CEB8-8B4A-11D0-8D11-00A0C91BC942}") = "Aufgabe44", "Aufgabe44.vcxproj", "{4FBCAE56-8848-4C36-B39F-FF967472EC97}"
EndProject
Global
	GlobalSection(SolutionConfigurationPlatforms) = preSolution
		Debug|x64 = Debug|x64
		Debug|x86 = Debug|x86
		Release|x64 = Release|x64
		Release|x86 = Release|x86
	EndGlobalSection
	GlobalSection(ProjectConfigurationPlatforms) = postSolution
		{4FBCAE56-8848-4C36-B39F-FF967472EC97}.Debug|x64.ActiveCfg = Debug|x64
		{4FBCAE56-8848-4C36-B39F-FF967472EC97}.Debug|x64.Build.0 = Debug|x64
		{4FBCAE56-8848-4C36-B39F-FF967472EC97}.Debug|x86.ActiveCfg = Debug|Win32
		{4FBCAE56-8848-4C36-B39F-FF967472EC97}.Debug|x86.Build.0 = Debug|Win32
		{4FBCAE56-8848-4C36-B39F-FF967472EC97}.Release|x64.ActiveCfg = Release|x64
		{4FBCAE56-8848-4C36-B39F-FF967472EC97}.Release|x64.Build.0 = Release|x64
		{4FBCAE56-8848-4C36-B39F-FF967472EC97}.Release|x86.ActiveCfg = Release|Win32
		{4FBCAE56-8848-4C36-B39F-FF967472EC97}.Release|x86.Build.0 = Release|Win32
	EndGlobalSection
	GlobalSection(SolutionProperties) = preSolution
		HideSolutionNode = FALSE
	EndGlobalSection
	GlobalSection(ExtensibilityGlobals) = postSolution
		SolutionGuid = {99092768-2995-4BEC-A80F-BB3406D61961}
	EndGlobalSection
EndGlobal
